
Microsoft Visual Studio Solution File, Format Version 12.00
# Visual Studio 15
Project("{FAE04EC0-301F-11D3-BF4B-00C04F79EFBC}") = "Kickstarter.Data", "Kickstarter.Data.csproj", "{5D130479-D832-4E35-ABEF-DF09B089C57A}"
EndProject
Global
	GlobalSection(SolutionConfigurationPlatforms) = preSolution
		Debug|Any CPU = Debug|Any CPU
		Release|Any CPU = Release|Any CPU
	EndGlobalSection
	GlobalSection(ProjectConfigurationPlatforms) = postSolution
		{5D130479-D832-4E35-ABEF-DF09B089C57A}.Debug|Any CPU.ActiveCfg = Debug|Any CPU
		{5D130479-D832-4E35-ABEF-DF09B089C57A}.Debug|Any CPU.Build.0 = Debug|Any CPU
		{5D130479-D832-4E35-ABEF-DF09B089C57A}.Release|Any CPU.ActiveCfg = Release|Any CPU
		{5D130479-D832-4E35-ABEF-DF09B089C57A}.Release|Any CPU.Build.0 = Release|Any CPU
	EndGlobalSection
EndGlobal
